<?xml version="1.0" encoding="utf-8"?>
<Project ToolsVersion="4.0" xmlns="http://schemas.microsoft.com/developer/msbuild/2003">
  <ItemGroup>
    <Filter Include="Source Files">
      <UniqueIdentifier>{4FC737F1-C7A5-4376-A066-2A32D752A2FF}</UniqueIdentifier>
      <Extensions>cpp;c;cc;cxx;def;odl;idl;hpj;bat;asm;asmx</Extensions>
    </Filter>
    <Filter Include="Header Files">
      <UniqueIdentifier>{93995380-89BD-4b04-88EB-625FBE52EBFB}</UniqueIdentifier>
      <Extensions>h;hh;hpp;hxx;hm;inl;inc;xsd</Extensions>
    </Filter>
    <Filter Include="Resource Files">
      <UniqueIdentifier>{67DA6AB6-F800-4c08-8B7A-83BB121AAD01}</UniqueIdentifier>
      <Extensions>rc;ico;cur;bmp;dlg;rc2;rct;bin;rgs;gif;jpg;jpeg;jpe;resx;tiff;tif;png;wav;mfcribbon-ms</Extensions>
    </Filter>
  </ItemGroup>
  <ItemGroup>
    <ClCompile Include="RS232.cpp">
      <Filter>Source Files</Filter>
    </ClCompile>
    <ClCompile Include="main.cpp">
      <Filter>Source Files</Filter>
    </ClCompile>
    <ClCompile Include="CMelP3E.cpp">
      <Filter>Source Files</Filter>
    </ClCompile>
    <ClCompile Include="CMelP1E.cpp">
      <Filter>Source Files</Filter>
    </ClCompile>
    <ClCompile Include="CBarwellPLC.cpp">
      <Filter>Source Files</Filter>
    </ClCompile>
    <ClCompile Include="CMelsecP4TCP.cpp">
      <Filter>Source Files</Filter>
    </ClCompile>
    <ClCompile Include="CMelP1C.cpp">
      <Filter>Source Files</Filter>
    </ClCompile>
    <ClCompile Include="CMelsecP4C.cpp">
      <Filter>Source Files</Filter>
    </ClCompile>
    <ClCompile Include="CMelP4Ex.cpp">
      <Filter>Source Files</Filter>
    </ClCompile>
    <ClCompile Include="CKeyL2AE.cpp">
      <Filter>Source Files</Filter>
    </ClCompile>
    <ClCompile Include="KeyenceVT3E.cpp">
      <Filter>Source Files</Filter>
    </ClCompile>
    <ClCompile Include="TcpServer.cpp">
      <Filter>Source Files</Filter>
    </ClCompile>
    <ClCompile Include="GETNOW.CPP">
      <Filter>Source Files</Filter>
    </ClCompile>
  </ItemGroup>
  <ItemGroup>
    <ClInclude Include="RS232.h">
      <Filter>Header Files</Filter>
    </ClInclude>
    <ClInclude Include="CMelP3E.h">
      <Filter>Header Files</Filter>
    </ClInclude>
    <ClInclude Include="CMelP1E.h">
      <Filter>Header Files</Filter>
    </ClInclude>
    <ClInclude Include="CBarwellPLC.h">
      <Filter>Header Files</Filter>
    </ClInclude>
    <ClInclude Include="CMelsecP4TCP.h">
      <Filter>Header Files</Filter>
    </ClInclude>
    <ClInclude Include="CMelP1C.h">
      <Filter>Header Files</Filter>
    </ClInclude>
    <ClInclude Include="CMelsecP4C.h">
      <Filter>Header Files</Filter>
    </ClInclude>
    <ClInclude Include="CMelP4Ex.h">
      <Filter>Header Files</Filter>
    </ClInclude>
    <ClInclude Include="CKeyL2AE.h">
      <Filter>Header Files</Filter>
    </ClInclude>
    <ClInclude Include="KeyenceVT3E.h">
      <Filter>Header Files</Filter>
    </ClInclude>
    <ClInclude Include="TcpServer.h">
      <Filter>Header Files</Filter>
    </ClInclude>
    <ClInclude Include="GETNOW.H">
      <Filter>Header Files</Filter>
    </ClInclude>
  </ItemGroup>
</Project>